
Microsoft Visual Studio Solution File, Format Version 12.00
# Visual Studio 14
VisualStudioVersion = 14.0.25420.1
MinimumVisualStudioVersion = 10.0.40219.1
Project("{FAE04EC0-301F-11D3-BF4B-00C04F79EFBC}") = "HRMSystem2023zheng", "HRMSystem2023Pan\HRMSystem2023zheng.csproj", "{A36611D4-A2B0-4ACD-8406-6A4F39CCEC62}"
EndProject
Project("{FAE04EC0-301F-11D3-BF4B-00C04F79EFBC}") = "HRMSystem.Model", "HRMSystem.Model\HRMSystem.Model.csproj", "{C2E2E497-F4EA-4B1D-BB1A-288E7C47FE54}"
EndProject
Project("{FAE04EC0-301F-11D3-BF4B-00C04F79EFBC}") = "HRMSystem.DAL", "HRMSystem.DAL\HRMSystem.DAL.csproj", "{BE4A153F-E421-4D1C-B069-62B758FFCABE}"
EndProject
Project("{FAE04EC0-301F-11D3-BF4B-00C04F79EFBC}") = "HRMSystem.BLL", "HRMSystem.BLL\HRMSystem.BLL.csproj", "{C43D29E1-2FA7-4559-BE9D-A72F0B43FF95}"
EndProject
Global
	GlobalSection(SolutionConfigurationPlatforms) = preSolution
		Debug|Any CPU = Debug|Any CPU
		Release|Any CPU = Release|Any CPU
	EndGlobalSection
	GlobalSection(ProjectConfigurationPlatforms) = postSolution
		{A36611D4-A2B0-4ACD-8406-6A4F39CCEC62}.Debug|Any CPU.ActiveCfg = Debug|Any CPU
		{A36611D4-A2B0-4ACD-8406-6A4F39CCEC62}.Debug|Any CPU.Build.0 = Debug|Any CPU
		{A36611D4-A2B0-4ACD-8406-6A4F39CCEC62}.Release|Any CPU.ActiveCfg = Release|Any CPU
		{A36611D4-A2B0-4ACD-8406-6A4F39CCEC62}.Release|Any CPU.Build.0 = Release|Any CPU
		{C2E2E497-F4EA-4B1D-BB1A-288E7C47FE54}.Debug|Any CPU.ActiveCfg = Debug|Any CPU
		{C2E2E497-F4EA-4B1D-BB1A-288E7C47FE54}.Debug|Any CPU.Build.0 = Debug|Any CPU
		{C2E2E497-F4EA-4B1D-BB1A-288E7C47FE54}.Release|Any CPU.ActiveCfg = Release|Any CPU
		{C2E2E497-F4EA-4B1D-BB1A-288E7C47FE54}.Release|Any CPU.Build.0 = Release|Any CPU
		{BE4A153F-E421-4D1C-B069-62B758FFCABE}.Debug|Any CPU.ActiveCfg = Debug|Any CPU
		{BE4A153F-E421-4D1C-B069-62B758FFCABE}.Debug|Any CPU.Build.0 = Debug|Any CPU
		{BE4A153F-E421-4D1C-B069-62B758FFCABE}.Release|Any CPU.ActiveCfg = Release|Any CPU
		{BE4A153F-E421-4D1C-B069-62B758FFCABE}.Release|Any CPU.Build.0 = Release|Any CPU
		{C43D29E1-2FA7-4559-BE9D-A72F0B43FF95}.Debug|Any CPU.ActiveCfg = Debug|Any CPU
		{C43D29E1-2FA7-4559-BE9D-A72F0B43FF95}.Debug|Any CPU.Build.0 = Debug|Any CPU
		{C43D29E1-2FA7-4559-BE9D-A72F0B43FF95}.Release|Any CPU.ActiveCfg = Release|Any CPU
		{C43D29E1-2FA7-4559-BE9D-A72F0B43FF95}.Release|Any CPU.Build.0 = Release|Any CPU
	EndGlobalSection
	GlobalSection(SolutionProperties) = preSolution
		HideSolutionNode = FALSE
	EndGlobalSection
EndGlobal
